// !$*UTF8*$!
{
	archiveVersion = 1;
	classes = {
	};
	objectVersion = 39;
	objects = {
		014CEA460018CE2711CA2923 = {
			buildRules = (
			);
			buildSettings = {
				COPY_PHASE_STRIP = NO;
				GCC_DYNAMIC_NO_PIC = NO;
				GCC_ENABLE_FIX_AND_CONTINUE = YES;
				GCC_GENERATE_DEBUGGING_SYMBOLS = YES;
				GCC_OPTIMIZATION_LEVEL = 0;
				OPTIMIZATION_CFLAGS = "-O0";
				ZERO_LINK = YES;
			};
			isa = PBXBuildStyle;
			name = Development;
		};
		014CEA470018CE2711CA2923 = {
			buildRules = (
			);
			buildSettings = {
				COPY_PHASE_STRIP = YES;
				GCC_ENABLE_FIX_AND_CONTINUE = NO;
				ZERO_LINK = NO;
			};
			isa = PBXBuildStyle;
			name = Deployment;
		};
//010
//011
//012
//013
//014
//020
//021
//022
//023
//024
		0249A660FF388D4511CA2CEA = {
			explicitFileType = "compiled.mach-o.executable";
			fallbackIsa = PBXFileReference;
			isa = PBXExecutableFileReference;
			path = macbinconv;
			refType = 3;
			sourceTree = BUILT_PRODUCTS_DIR;
		};
		0249A662FF388D9811CA2CEA = {
			children = (
				0249A663FF388D9811CA2CEA,
				F5A6052801FA007601A800EA,
			);
			isa = PBXGroup;
			name = "External Frameworks and Libraries";
			refType = 4;
			sourceTree = "<group>";
		};
		0249A663FF388D9811CA2CEA = {
			isa = PBXFileReference;
			lastKnownFileType = archive.ar;
			name = "libstdc++.a";
			path = "/usr/lib/libstdc++.a";
			refType = 0;
			sourceTree = "<absolute>";
		};
//020
//021
//022
//023
//024
//080
//081
//082
//083
//084
		08FB7793FE84155DC02AAC07 = {
			buildSettings = {
			};
			buildStyles = (
				014CEA460018CE2711CA2923,
				014CEA470018CE2711CA2923,
			);
			hasScannedForEncodings = 1;
			isa = PBXProject;
			mainGroup = 08FB7794FE84155DC02AAC07;
			projectDirPath = "";
			targets = (
				E4440F960669AEC6003A4247,
				08FB779FFE84155DC02AAC07,
			);
		};
		08FB7794FE84155DC02AAC07 = {
			children = (
				08FB7795FE84155DC02AAC07,
				0249A662FF388D9811CA2CEA,
				1AB674ADFE9D54B511CA2CBB,
			);
			isa = PBXGroup;
			name = MacBinConv;
			refType = 4;
			sourceTree = "<group>";
		};
		08FB7795FE84155DC02AAC07 = {
			children = (
				F5A6052D01FA06D001A800EA,
				F5A6051C01F9FD2401A800EA,
				F5A6051D01F9FD2401A800EA,
			);
			isa = PBXGroup;
			name = Sources;
			path = ../../Sources;
			refType = 2;
			sourceTree = SOURCE_ROOT;
		};
		08FB779FFE84155DC02AAC07 = {
			buildPhases = (
				08FB77A0FE84155DC02AAC07,
				08FB77A1FE84155DC02AAC07,
				08FB77A3FE84155DC02AAC07,
				08FB77A5FE84155DC02AAC07,
			);
			buildSettings = {
				BUILD_SETTING = "";
				FRAMEWORK_SEARCH_PATHS = "";
				HEADER_SEARCH_PATHS = ../../Sources;
				INSTALL_PATH = "$(HOME)/bin";
				LIBRARY_SEARCH_PATHS = /usr/lib/gcc/darwin/3.1;
				OTHER_CFLAGS = "-DUSE_UMBRELLA_HEADERS=1 -DUSE_HFS_PLUS=1";
				OTHER_REZFLAGS = "";
				PRODUCT_NAME = macbinconv;
				REZ_EXECUTABLE = YES;
				SECTORDER_FLAGS = "";
				WARNING_CFLAGS = "-Wmost -Wno-four-char-constants -Wno-unknown-pragmas";
			};
			dependencies = (
			);
			isa = PBXToolTarget;
			name = "MacBinConv OLD";
			productInstallPath = "$(HOME)/bin";
			productName = MacBinConv;
			productReference = 0249A660FF388D4511CA2CEA;
		};
		08FB77A0FE84155DC02AAC07 = {
			buildActionMask = 2147483647;
			files = (
				F5C7DF6401FAC54001A800EA,
				F5C7DF6501FAC54001A800EA,
				F5C7DF6601FAC54001A800EA,
				F5C7DF6701FAC54001A800EA,
				F5C7DF6801FAC54001A800EA,
				F5C7DF6901FAC54001A800EA,
				F5C7DF6D01FAC71701A800EA,
				F7A68763037D902A01A800B7,
				F7A68766037D909401A800B7,
				E49749CF0668C7150097B49A,
			);
			isa = PBXHeadersBuildPhase;
			runOnlyForDeploymentPostprocessing = 0;
		};
		08FB77A1FE84155DC02AAC07 = {
			buildActionMask = 2147483647;
			files = (
				F5A6051F01F9FD5F01A800EA,
				F5A6052401F9FF2801A800EA,
				F5A6052501F9FF2801A800EA,
				F5A6052601F9FF2801A800EA,
				F5A6052701F9FF2801A800EA,
				F5A6052C01FA064101A800EA,
				F5A6053001FA06D001A800EA,
				F5A6053101FA06D001A800EA,
				F5A6053301FA06FC01A800EA,
				F5C7DF6B01FAC6BA01A800EA,
				F7A68764037D902A01A800B7,
			);
			isa = PBXSourcesBuildPhase;
			runOnlyForDeploymentPostprocessing = 0;
		};
		08FB77A3FE84155DC02AAC07 = {
			buildActionMask = 2147483647;
			files = (
				F5A6052901FA007601A800EA,
				F7A68760037D89B901A800B7,
			);
			isa = PBXFrameworksBuildPhase;
			runOnlyForDeploymentPostprocessing = 0;
		};
		08FB77A5FE84155DC02AAC07 = {
			buildActionMask = 2147483647;
			files = (
			);
			isa = PBXRezBuildPhase;
			runOnlyForDeploymentPostprocessing = 0;
		};
//080
//081
//082
//083
//084
//1A0
//1A1
//1A2
//1A3
//1A4
		1AB674ADFE9D54B511CA2CBB = {
			children = (
				0249A660FF388D4511CA2CEA,
				E4440FB30669AEC6003A4247,
			);
			isa = PBXGroup;
			name = Products;
			refType = 4;
			sourceTree = "<group>";
		};
//1A0
//1A1
//1A2
//1A3
//1A4
//E40
//E41
//E42
//E43
//E44
		E4440F960669AEC6003A4247 = {
			buildPhases = (
				E4440F970669AEC6003A4247,
				E4440FA20669AEC6003A4247,
				E4440FAE0669AEC6003A4247,
				E4440FB10669AEC6003A4247,
			);
			buildRules = (
			);
			buildSettings = {
				BUILD_SETTING = "";
				FRAMEWORK_SEARCH_PATHS = "";
				GCC_PREPROCESSOR_DEFINITIONS = "USE_UMBRELLA_HEADERS=1 USE_HFS_PLUS=1";
				HEADER_SEARCH_PATHS = ../../Sources;
				INSTALL_PATH = "$(HOME)/bin";
				LIBRARY_SEARCH_PATHS = /usr/lib/gcc/darwin/3.3;
				OTHER_CFLAGS = "";
				OTHER_REZFLAGS = "";
				PRODUCT_NAME = macbinconv;
				REZ_EXECUTABLE = YES;
				SECTORDER_FLAGS = "";
				WARNING_CFLAGS = "-Wmost -Wno-four-char-constants -Wno-unknown-pragmas";
			};
			dependencies = (
			);
			isa = PBXNativeTarget;
			name = MacBinConv;
			productInstallPath = "$(HOME)/bin";
			productName = MacBinConv;
			productReference = E4440FB30669AEC6003A4247;
			productType = "com.apple.product-type.tool";
		};
		E4440F970669AEC6003A4247 = {
			buildActionMask = 2147483647;
			files = (
				E4440F980669AEC6003A4247,
				E4440F990669AEC6003A4247,
				E4440F9A0669AEC6003A4247,
				E4440F9B0669AEC6003A4247,
				E4440F9C0669AEC6003A4247,
				E4440F9D0669AEC6003A4247,
				E4440F9E0669AEC6003A4247,
				E4440F9F0669AEC6003A4247,
				E4440FA00669AEC6003A4247,
				E4440FA10669AEC6003A4247,
			);
			isa = PBXHeadersBuildPhase;
			runOnlyForDeploymentPostprocessing = 0;
		};
		E4440F980669AEC6003A4247 = {
			fileRef = F5C7DF5E01FAC54001A800EA;
			isa = PBXBuildFile;
			settings = {
			};
		};
		E4440F990669AEC6003A4247 = {
			fileRef = F5C7DF5F01FAC54001A800EA;
			isa = PBXBuildFile;
			settings = {
			};
		};
		E4440F9A0669AEC6003A4247 = {
			fileRef = F5C7DF6001FAC54001A800EA;
			isa = PBXBuildFile;
			settings = {
			};
		};
		E4440F9B0669AEC6003A4247 = {
			fileRef = F5C7DF6101FAC54001A800EA;
			isa = PBXBuildFile;
			settings = {
			};
		};
		E4440F9C0669AEC6003A4247 = {
			fileRef = F5C7DF6201FAC54001A800EA;
			isa = PBXBuildFile;
			settings = {
			};
		};
		E4440F9D0669AEC6003A4247 = {
			fileRef = F5C7DF6301FAC54001A800EA;
			isa = PBXBuildFile;
			settings = {
			};
		};
		E4440F9E0669AEC6003A4247 = {
			fileRef = F5C7DF6C01FAC71701A800EA;
			isa = PBXBuildFile;
			settings = {
			};
		};
		E4440F9F0669AEC6003A4247 = {
			fileRef = F7A68761037D902A01A800B7;
			isa = PBXBuildFile;
			settings = {
			};
		};
		E4440FA00669AEC6003A4247 = {
			fileRef = F7A68765037D909401A800B7;
			isa = PBXBuildFile;
			settings = {
			};
		};
		E4440FA10669AEC6003A4247 = {
			fileRef = E49749CE0668C7150097B49A;
			isa = PBXBuildFile;
			settings = {
			};
		};
		E4440FA20669AEC6003A4247 = {
			buildActionMask = 2147483647;
			files = (
				E4440FA30669AEC6003A4247,
				E4440FA40669AEC6003A4247,
				E4440FA50669AEC6003A4247,
				E4440FA60669AEC6003A4247,
				E4440FA70669AEC6003A4247,
				E4440FA80669AEC6003A4247,
				E4440FA90669AEC6003A4247,
				E4440FAA0669AEC6003A4247,
				E4440FAB0669AEC6003A4247,
				E4440FAC0669AEC6003A4247,
				E4440FAD0669AEC6003A4247,
			);
			isa = PBXSourcesBuildPhase;
			runOnlyForDeploymentPostprocessing = 0;
		};
		E4440FA30669AEC6003A4247 = {
			fileRef = F5A6051E01F9FD5F01A800EA;
			isa = PBXBuildFile;
			settings = {
			};
		};
		E4440FA40669AEC6003A4247 = {
			fileRef = F5A6052001F9FF2801A800EA;
			isa = PBXBuildFile;
			settings = {
			};
		};
		E4440FA50669AEC6003A4247 = {
			fileRef = F5A6052101F9FF2801A800EA;
			isa = PBXBuildFile;
			settings = {
			};
		};
		E4440FA60669AEC6003A4247 = {
			fileRef = F5A6052201F9FF2801A800EA;
			isa = PBXBuildFile;
			settings = {
			};
		};
		E4440FA70669AEC6003A4247 = {
			fileRef = F5A6052301F9FF2801A800EA;
			isa = PBXBuildFile;
			settings = {
			};
		};
		E4440FA80669AEC6003A4247 = {
			fileRef = F5A6052B01FA064101A800EA;
			isa = PBXBuildFile;
			settings = {
			};
		};
		E4440FA90669AEC6003A4247 = {
			fileRef = F5A6052E01FA06D001A800EA;
			isa = PBXBuildFile;
			settings = {
			};
		};
		E4440FAA0669AEC6003A4247 = {
			fileRef = F5A6052F01FA06D001A800EA;
			isa = PBXBuildFile;
			settings = {
			};
		};
		E4440FAB0669AEC6003A4247 = {
			fileRef = F5A6053201FA06FC01A800EA;
			isa = PBXBuildFile;
			settings = {
			};
		};
		E4440FAC0669AEC6003A4247 = {
			fileRef = F5C7DF6A01FAC6BA01A800EA;
			isa = PBXBuildFile;
			settings = {
			};
		};
		E4440FAD0669AEC6003A4247 = {
			fileRef = F7A68762037D902A01A800B7;
			isa = PBXBuildFile;
			settings = {
			};
		};
		E4440FAE0669AEC6003A4247 = {
			buildActionMask = 2147483647;
			files = (
				E4440FAF0669AEC6003A4247,
				E4440FB00669AEC6003A4247,
			);
			isa = PBXFrameworksBuildPhase;
			runOnlyForDeploymentPostprocessing = 0;
		};
		E4440FAF0669AEC6003A4247 = {
			fileRef = F5A6052801FA007601A800EA;
			isa = PBXBuildFile;
			settings = {
			};
		};
		E4440FB00669AEC6003A4247 = {
			fileRef = 0249A663FF388D9811CA2CEA;
			isa = PBXBuildFile;
			settings = {
			};
		};
		E4440FB10669AEC6003A4247 = {
			buildActionMask = 2147483647;
			files = (
			);
			isa = PBXRezBuildPhase;
			runOnlyForDeploymentPostprocessing = 0;
		};
		E4440FB30669AEC6003A4247 = {
			explicitFileType = "compiled.mach-o.executable";
			includeInIndex = 0;
			isa = PBXFileReference;
			path = macbinconv;
			refType = 3;
			sourceTree = BUILT_PRODUCTS_DIR;
		};
		E49749CE0668C7150097B49A = {
			fileEncoding = 30;
			isa = PBXFileReference;
			lastKnownFileType = sourcecode.c.h;
			path = CommandLine.h;
			refType = 4;
			sourceTree = "<group>";
		};
		E49749CF0668C7150097B49A = {
			fileRef = E49749CE0668C7150097B49A;
			isa = PBXBuildFile;
			settings = {
			};
		};
//E40
//E41
//E42
//E43
//E44
//F50
//F51
//F52
//F53
//F54
		F5A6051C01F9FD2401A800EA = {
			children = (
				E49749CE0668C7150097B49A,
				F5C7DF5E01FAC54001A800EA,
				F5C7DF5F01FAC54001A800EA,
				F5C7DF6001FAC54001A800EA,
				F5C7DF6101FAC54001A800EA,
				F5C7DF6201FAC54001A800EA,
				F5C7DF6301FAC54001A800EA,
				F5A6052E01FA06D001A800EA,
				F5A6052F01FA06D001A800EA,
				F5A6053201FA06FC01A800EA,
			);
			isa = PBXGroup;
			path = Core;
			refType = 4;
			sourceTree = "<group>";
		};
		F5A6051D01F9FD2401A800EA = {
			children = (
				F5A6051E01F9FD5F01A800EA,
				F7A68765037D909401A800B7,
				F5A6052001F9FF2801A800EA,
				F5A6052101F9FF2801A800EA,
				F5A6052201F9FF2801A800EA,
				F5A6052301F9FF2801A800EA,
				F5C7DF6A01FAC6BA01A800EA,
				F5C7DF6C01FAC71701A800EA,
				F7A68761037D902A01A800B7,
				F7A68762037D902A01A800B7,
			);
			isa = PBXGroup;
			path = Formats;
			refType = 4;
			sourceTree = "<group>";
		};
		F5A6051E01F9FD5F01A800EA = {
			fileEncoding = 30;
			isa = PBXFileReference;
			lastKnownFileType = sourcecode.cpp.cpp;
			path = AppleSingleIO.cpp;
			refType = 4;
			sourceTree = "<group>";
		};
		F5A6051F01F9FD5F01A800EA = {
			fileRef = F5A6051E01F9FD5F01A800EA;
			isa = PBXBuildFile;
			settings = {
			};
		};
		F5A6052001F9FF2801A800EA = {
			fileEncoding = 30;
			isa = PBXFileReference;
			lastKnownFileType = sourcecode.cpp.cpp;
			path = DFRFFileIO.cpp;
			refType = 4;
			sourceTree = "<group>";
		};
		F5A6052101F9FF2801A800EA = {
			fileEncoding = 30;
			isa = PBXFileReference;
			lastKnownFileType = sourcecode.cpp.cpp;
			path = InfoOut.cpp;
			refType = 4;
			sourceTree = "<group>";
		};
		F5A6052201F9FF2801A800EA = {
			fileEncoding = 30;
			indentWidth = 4;
			isa = PBXFileReference;
			lastKnownFileType = sourcecode.cpp.cpp;
			path = MacBinaryIO.cpp;
			refType = 4;
			sourceTree = "<group>";
			tabWidth = 4;
			usesTabs = 0;
		};
		F5A6052301F9FF2801A800EA = {
			fileEncoding = 30;
			isa = PBXFileReference;
			lastKnownFileType = sourcecode.cpp.cpp;
			path = NativeMacIO.cpp;
			refType = 4;
			sourceTree = "<group>";
		};
		F5A6052401F9FF2801A800EA = {
			fileRef = F5A6052001F9FF2801A800EA;
			isa = PBXBuildFile;
			settings = {
			};
		};
		F5A6052501F9FF2801A800EA = {
			fileRef = F5A6052101F9FF2801A800EA;
			isa = PBXBuildFile;
			settings = {
			};
		};
		F5A6052601F9FF2801A800EA = {
			fileRef = F5A6052201F9FF2801A800EA;
			isa = PBXBuildFile;
			settings = {
			};
		};
		F5A6052701F9FF2801A800EA = {
			fileRef = F5A6052301F9FF2801A800EA;
			isa = PBXBuildFile;
			settings = {
			};
		};
		F5A6052801FA007601A800EA = {
			fallbackIsa = PBXFileReference;
			isa = PBXFrameworkReference;
			lastKnownFileType = wrapper.framework;
			name = CoreServices.framework;
			path = /System/Library/Frameworks/CoreServices.framework;
			refType = 0;
			sourceTree = "<absolute>";
		};
		F5A6052901FA007601A800EA = {
			fileRef = F5A6052801FA007601A800EA;
			isa = PBXBuildFile;
			settings = {
			};
		};
		F5A6052B01FA064101A800EA = {
			fileEncoding = 30;
			isa = PBXFileReference;
			lastKnownFileType = sourcecode.cpp.cpp;
			name = cl.cpp;
			path = ../../Sources/FrontEnds/cl.cpp;
			refType = 2;
			sourceTree = SOURCE_ROOT;
		};
		F5A6052C01FA064101A800EA = {
			fileRef = F5A6052B01FA064101A800EA;
			isa = PBXBuildFile;
			settings = {
			};
		};
		F5A6052D01FA06D001A800EA = {
			children = (
				F5A6052B01FA064101A800EA,
			);
			isa = PBXGroup;
			path = FrontEnds;
			refType = 4;
			sourceTree = "<group>";
		};
		F5A6052E01FA06D001A800EA = {
			fileEncoding = 30;
			isa = PBXFileReference;
			lastKnownFileType = sourcecode.cpp.cpp;
			path = DefaultFInfo.cpp;
			refType = 4;
			sourceTree = "<group>";
		};
		F5A6052F01FA06D001A800EA = {
			fileEncoding = 30;
			isa = PBXFileReference;
			lastKnownFileType = sourcecode.cpp.cpp;
			path = FileUtils.cpp;
			refType = 4;
			sourceTree = "<group>";
		};
		F5A6053001FA06D001A800EA = {
			fileRef = F5A6052E01FA06D001A800EA;
			isa = PBXBuildFile;
			settings = {
			};
		};
		F5A6053101FA06D001A800EA = {
			fileRef = F5A6052F01FA06D001A800EA;
			isa = PBXBuildFile;
			settings = {
			};
		};
		F5A6053201FA06FC01A800EA = {
			fileEncoding = 30;
			isa = PBXFileReference;
			lastKnownFileType = sourcecode.cpp.cpp;
			path = CommandLine.cpp;
			refType = 4;
			sourceTree = "<group>";
		};
		F5A6053301FA06FC01A800EA = {
			fileRef = F5A6053201FA06FC01A800EA;
			isa = PBXBuildFile;
			settings = {
			};
		};
		F5C7DF5E01FAC54001A800EA = {
			fileEncoding = 30;
			isa = PBXFileReference;
			lastKnownFileType = sourcecode.c.h;
			name = DefaultFInfo.h;
			path = ../../Sources/Core/DefaultFInfo.h;
			refType = 4;
			sourceTree = "<group>";
		};
		F5C7DF5F01FAC54001A800EA = {
			fileEncoding = 30;
			isa = PBXFileReference;
			lastKnownFileType = sourcecode.c.h;
			path = FileUtils.h;
			refType = 4;
			sourceTree = "<group>";
		};
		F5C7DF6001FAC54001A800EA = {
			fileEncoding = 30;
			isa = PBXFileReference;
			lastKnownFileType = sourcecode.c.h;
			path = MacEmu.h;
			refType = 4;
			sourceTree = "<group>";
		};
		F5C7DF6101FAC54001A800EA = {
			fileEncoding = 30;
			isa = PBXFileReference;
			lastKnownFileType = sourcecode.c.h;
			path = MacFileInput.h;
			refType = 4;
			sourceTree = "<group>";
		};
		F5C7DF6201FAC54001A800EA = {
			fileEncoding = 30;
			isa = PBXFileReference;
			lastKnownFileType = sourcecode.c.h;
			path = MacHeaders.h;
			refType = 4;
			sourceTree = "<group>";
		};
		F5C7DF6301FAC54001A800EA = {
			fileEncoding = 30;
			isa = PBXFileReference;
			lastKnownFileType = sourcecode.c.h;
			path = WriteFork.h;
			refType = 4;
			sourceTree = "<group>";
		};
		F5C7DF6401FAC54001A800EA = {
			fileRef = F5C7DF5E01FAC54001A800EA;
			isa = PBXBuildFile;
			settings = {
			};
		};
		F5C7DF6501FAC54001A800EA = {
			fileRef = F5C7DF5F01FAC54001A800EA;
			isa = PBXBuildFile;
			settings = {
			};
		};
		F5C7DF6601FAC54001A800EA = {
			fileRef = F5C7DF6001FAC54001A800EA;
			isa = PBXBuildFile;
			settings = {
			};
		};
		F5C7DF6701FAC54001A800EA = {
			fileRef = F5C7DF6101FAC54001A800EA;
			isa = PBXBuildFile;
			settings = {
			};
		};
		F5C7DF6801FAC54001A800EA = {
			fileRef = F5C7DF6201FAC54001A800EA;
			isa = PBXBuildFile;
			settings = {
			};
		};
		F5C7DF6901FAC54001A800EA = {
			fileRef = F5C7DF6301FAC54001A800EA;
			isa = PBXBuildFile;
			settings = {
			};
		};
		F5C7DF6A01FAC6BA01A800EA = {
			fileEncoding = 30;
			isa = PBXFileReference;
			lastKnownFileType = sourcecode.c.c;
			path = md5.c;
			refType = 4;
			sourceTree = "<group>";
		};
		F5C7DF6B01FAC6BA01A800EA = {
			fileRef = F5C7DF6A01FAC6BA01A800EA;
			isa = PBXBuildFile;
			settings = {
			};
		};
		F5C7DF6C01FAC71701A800EA = {
			fileEncoding = 30;
			isa = PBXFileReference;
			lastKnownFileType = sourcecode.c.h;
			path = md5.h;
			refType = 4;
			sourceTree = "<group>";
		};
		F5C7DF6D01FAC71701A800EA = {
			fileRef = F5C7DF6C01FAC71701A800EA;
			isa = PBXBuildFile;
			settings = {
			};
		};
//F50
//F51
//F52
//F53
//F54
//F70
//F71
//F72
//F73
//F74
		F7A68760037D89B901A800B7 = {
			fileRef = 0249A663FF388D9811CA2CEA;
			isa = PBXBuildFile;
			settings = {
			};
		};
		F7A68761037D902A01A800B7 = {
			fileEncoding = 30;
			isa = PBXFileReference;
			lastKnownFileType = sourcecode.c.h;
			path = MacOSXIO.h;
			refType = 4;
			sourceTree = "<group>";
		};
		F7A68762037D902A01A800B7 = {
			fileEncoding = 30;
			isa = PBXFileReference;
			lastKnownFileType = sourcecode.cpp.cpp;
			path = MacOSXIO.cpp;
			refType = 4;
			sourceTree = "<group>";
		};
		F7A68763037D902A01A800B7 = {
			fileRef = F7A68761037D902A01A800B7;
			isa = PBXBuildFile;
			settings = {
			};
		};
		F7A68764037D902A01A800B7 = {
			fileRef = F7A68762037D902A01A800B7;
			isa = PBXBuildFile;
			settings = {
			};
		};
		F7A68765037D909401A800B7 = {
			fileEncoding = 30;
			isa = PBXFileReference;
			lastKnownFileType = sourcecode.c.h;
			path = AppleSingleIO.h;
			refType = 4;
			sourceTree = "<group>";
		};
		F7A68766037D909401A800B7 = {
			fileRef = F7A68765037D909401A800B7;
			isa = PBXBuildFile;
			settings = {
			};
		};
	};
	rootObject = 08FB7793FE84155DC02AAC07;
}
